
Microsoft Visual Studio Solution File, Format Version 12.00
# Visual Studio Version 17
VisualStudioVersion = 17.0.32126.317
MinimumVisualStudioVersion = 10.0.40219.1
Project("{FAE04EC0-301F-11D3-BF4B-00C04F79EFBC}") = "EmployeeWageComputation", "EmployeeWageComputation\EmployeeWageComputation.csproj", "{DA4C5045-7F59-4154-B284-644C4755F00C}"
EndProject
Global
	GlobalSection(SolutionConfigurationPlatforms) = preSolution
		Debug|Any CPU = Debug|Any CPU
		Release|Any CPU = Release|Any CPU
	EndGlobalSection
	GlobalSection(ProjectConfigurationPlatforms) = postSolution
		{DA4C5045-7F59-4154-B284-644C4755F00C}.Debug|Any CPU.ActiveCfg = Debug|Any CPU
		{DA4C5045-7F59-4154-B284-644C4755F00C}.Debug|Any CPU.Build.0 = Debug|Any CPU
		{DA4C5045-7F59-4154-B284-644C4755F00C}.Release|Any CPU.ActiveCfg = Release|Any CPU
		{DA4C5045-7F59-4154-B284-644C4755F00C}.Release|Any CPU.Build.0 = Release|Any CPU
	EndGlobalSection
	GlobalSection(SolutionProperties) = preSolution
		HideSolutionNode = FALSE
	EndGlobalSection
	GlobalSection(ExtensibilityGlobals) = postSolution
		SolutionGuid = {A6AE3DE2-2DA8-4429-94DD-DD4059A5FB4F}
	EndGlobalSection
EndGlobal
